
Microsoft Visual Studio Solution File, Format Version 12.00
# Visual Studio Version 16
VisualStudioVersion = 16.0.30621.155
MinimumVisualStudioVersion = 10.0.40219.1
Project("{FAE04EC0-301F-11D3-BF4B-00C04F79EFBC}") = "inkArenaGame", "inkArenaGame.csproj", "{5F9972C8-01B4-4F7A-AAA7-2F75EB910E33}"
EndProject
Global
	GlobalSection(SolutionConfigurationPlatforms) = preSolution
		Debug|Any CPU = Debug|Any CPU
		Release|Any CPU = Release|Any CPU
	EndGlobalSection
	GlobalSection(ProjectConfigurationPlatforms) = postSolution
		{5F9972C8-01B4-4F7A-AAA7-2F75EB910E33}.Debug|Any CPU.ActiveCfg = Debug|Any CPU
		{5F9972C8-01B4-4F7A-AAA7-2F75EB910E33}.Debug|Any CPU.Build.0 = Debug|Any CPU
		{5F9972C8-01B4-4F7A-AAA7-2F75EB910E33}.Release|Any CPU.ActiveCfg = Release|Any CPU
		{5F9972C8-01B4-4F7A-AAA7-2F75EB910E33}.Release|Any CPU.Build.0 = Release|Any CPU
	EndGlobalSection
	GlobalSection(SolutionProperties) = preSolution
		HideSolutionNode = FALSE
	EndGlobalSection
	GlobalSection(ExtensibilityGlobals) = postSolution
		SolutionGuid = {EA8A65A0-6BAE-4655-9231-838FD9968B25}
	EndGlobalSection
EndGlobal
